// !$*UTF8*$!
{
	archiveVersion = 1;
	classes = {
	};
	objectVersion = 46;
	objects = {

/* Begin PBXBuildFile section */
		531C6025194C9C7B0012C924 /* HomeViewController.swift in Sources */ = {isa = PBXBuildFile; fileRef = 531C6024194C9C7B0012C924 /* HomeViewController.swift */; };
		5341F51A1941922A00FAF735 /* AppDelegate.swift in Sources */ = {isa = PBXBuildFile; fileRef = 5341F5191941922A00FAF735 /* AppDelegate.swift */; };
		5341F51C1941922A00FAF735 /* Images.xcassets in Resources */ = {isa = PBXBuildFile; fileRef = 5341F51B1941922A00FAF735 /* Images.xcassets */; };
		5341F5281941922A00FAF735 /* RestyTests.swift in Sources */ = {isa = PBXBuildFile; fileRef = 5341F5271941922A00FAF735 /* RestyTests.swift */; };
		5341F5321941923C00FAF735 /* Main.storyboard in Resources */ = {isa = PBXBuildFile; fileRef = 5341F5311941923C00FAF735 /* Main.storyboard */; };
		536AE906196286AD00D76B3C /* dateutil.m in Sources */ = {isa = PBXBuildFile; fileRef = 536AE905196286AD00D76B3C /* dateutil.m */; };
/* End PBXBuildFile section */

/* Begin PBXContainerItemProxy section */
		5341F5221941922A00FAF735 /* PBXContainerItemProxy */ = {
			isa = PBXContainerItemProxy;
			containerPortal = 5341F50C1941922A00FAF735 /* Project object */;
			proxyType = 1;
			remoteGlobalIDString = 5341F5131941922A00FAF735;
			remoteInfo = Resty;
		};
/* End PBXContainerItemProxy section */

/* Begin PBXFileReference section */
		531C6024194C9C7B0012C924 /* HomeViewController.swift */ = {isa = PBXFileReference; fileEncoding = 4; lastKnownFileType = sourcecode.swift; path = HomeViewController.swift; sourceTree = "<group>"; };
		5341F5141941922A00FAF735 /* Resty.app */ = {isa = PBXFileReference; explicitFileType = wrapper.application; includeInIndex = 0; path = Resty.app; sourceTree = BUILT_PRODUCTS_DIR; };
		5341F5181941922A00FAF735 /* Info.plist */ = {isa = PBXFileReference; lastKnownFileType = text.plist.xml; path = Info.plist; sourceTree = "<group>"; };
		5341F5191941922A00FAF735 /* AppDelegate.swift */ = {isa = PBXFileReference; lastKnownFileType = sourcecode.swift; path = AppDelegate.swift; sourceTree = "<group>"; };
		5341F51B1941922A00FAF735 /* Images.xcassets */ = {isa = PBXFileReference; lastKnownFileType = folder.assetcatalog; path = Images.xcassets; sourceTree = "<group>"; };
		5341F5211941922A00FAF735 /* RestyTests.xctest */ = {isa = PBXFileReference; explicitFileType = wrapper.cfbundle; includeInIndex = 0; path = RestyTests.xctest; sourceTree = BUILT_PRODUCTS_DIR; };
		5341F5261941922A00FAF735 /* Info.plist */ = {isa = PBXFileReference; lastKnownFileType = text.plist.xml; path = Info.plist; sourceTree = "<group>"; };
		5341F5271941922A00FAF735 /* RestyTests.swift */ = {isa = PBXFileReference; lastKnownFileType = sourcecode.swift; path = RestyTests.swift; sourceTree = "<group>"; };
		5341F5311941923C00FAF735 /* Main.storyboard */ = {isa = PBXFileReference; fileEncoding = 4; lastKnownFileType = file.storyboard; path = Main.storyboard; sourceTree = "<group>"; };
		536AE905196286AD00D76B3C /* dateutil.m */ = {isa = PBXFileReference; fileEncoding = 4; lastKnownFileType = sourcecode.c.objc; path = dateutil.m; sourceTree = "<group>"; };
		536AE9091962875B00D76B3C /* dateutil.h */ = {isa = PBXFileReference; lastKnownFileType = sourcecode.c.h; path = dateutil.h; sourceTree = "<group>"; };
		536AE90A196287CF00D76B3C /* Resty-Bridging-Header.h */ = {isa = PBXFileReference; lastKnownFileType = sourcecode.c.h; path = "Resty-Bridging-Header.h"; sourceTree = "<group>"; };
/* End PBXFileReference section */

/* Begin PBXFrameworksBuildPhase section */
		5341F5111941922A00FAF735 /* Frameworks */ = {
			isa = PBXFrameworksBuildPhase;
			buildActionMask = 2147483647;
			files = (
			);
			runOnlyForDeploymentPostprocessing = 0;
		};
		5341F51E1941922A00FAF735 /* Frameworks */ = {
			isa = PBXFrameworksBuildPhase;
			buildActionMask = 2147483647;
			files = (
			);
			runOnlyForDeploymentPostprocessing = 0;
		};
/* End PBXFrameworksBuildPhase section */

/* Begin PBXGroup section */
		5341F50B1941922A00FAF735 = {
			isa = PBXGroup;
			children = (
				536AE90A196287CF00D76B3C /* Resty-Bridging-Header.h */,
				536AE905196286AD00D76B3C /* dateutil.m */,
				536AE9091962875B00D76B3C /* dateutil.h */,
				531C6024194C9C7B0012C924 /* HomeViewController.swift */,
				5341F5311941923C00FAF735 /* Main.storyboard */,
				5341F5161941922A00FAF735 /* Resty */,
				5341F5241941922A00FAF735 /* RestyTests */,
				5341F5151941922A00FAF735 /* Products */,
			);
			sourceTree = "<group>";
		};
		5341F5151941922A00FAF735 /* Products */ = {
			isa = PBXGroup;
			children = (
				5341F5141941922A00FAF735 /* Resty.app */,
				5341F5211941922A00FAF735 /* RestyTests.xctest */,
			);
			name = Products;
			sourceTree = "<group>";
		};
		5341F5161941922A00FAF735 /* Resty */ = {
			isa = PBXGroup;
			children = (
				5341F5191941922A00FAF735 /* AppDelegate.swift */,
				5341F51B1941922A00FAF735 /* Images.xcassets */,
				5341F5171941922A00FAF735 /* Supporting Files */,
			);
			path = Resty;
			sourceTree = "<group>";
		};
		5341F5171941922A00FAF735 /* Supporting Files */ = {
			isa = PBXGroup;
			children = (
				5341F5181941922A00FAF735 /* Info.plist */,
			);
			name = "Supporting Files";
			sourceTree = "<group>";
		};
		5341F5241941922A00FAF735 /* RestyTests */ = {
			isa = PBXGroup;
			children = (
				5341F5271941922A00FAF735 /* RestyTests.swift */,
				5341F5251941922A00FAF735 /* Supporting Files */,
			);
			path = RestyTests;
			sourceTree = "<group>";
		};
		5341F5251941922A00FAF735 /* Supporting Files */ = {
			isa = PBXGroup;
			children = (
				5341F5261941922A00FAF735 /* Info.plist */,
			);
			name = "Supporting Files";
			sourceTree = "<group>";
		};
/* End PBXGroup section */

/* Begin PBXNativeTarget section */
		5341F5131941922A00FAF735 /* Resty */ = {
			isa = PBXNativeTarget;
			buildConfigurationList = 5341F52B1941922A00FAF735 /* Build configuration list for PBXNativeTarget "Resty" */;
			buildPhases = (
				5341F5101941922A00FAF735 /* Sources */,
				5341F5111941922A00FAF735 /* Frameworks */,
				5341F5121941922A00FAF735 /* Resources */,
			);
			buildRules = (
			);
			dependencies = (
			);
			name = Resty;
			productName = Resty;
			productReference = 5341F5141941922A00FAF735 /* Resty.app */;
			productType = "com.apple.product-type.application";
		};
		5341F5201941922A00FAF735 /* RestyTests */ = {
			isa = PBXNativeTarget;
			buildConfigurationList = 5341F52E1941922A00FAF735 /* Build configuration list for PBXNativeTarget "RestyTests" */;
			buildPhases = (
				5341F51D1941922A00FAF735 /* Sources */,
				5341F51E1941922A00FAF735 /* Frameworks */,
				5341F51F1941922A00FAF735 /* Resources */,
			);
			buildRules = (
			);
			dependencies = (
				5341F5231941922A00FAF735 /* PBXTargetDependency */,
			);
			name = RestyTests;
			productName = RestyTests;
			productReference = 5341F5211941922A00FAF735 /* RestyTests.xctest */;
			productType = "com.apple.product-type.bundle.unit-test";
		};
/* End PBXNativeTarget section */

/* Begin PBXProject section */
		5341F50C1941922A00FAF735 /* Project object */ = {
			isa = PBXProject;
			attributes = {
				LastUpgradeCheck = 0600;
				ORGANIZATIONNAME = "Daniel Tiesling";
				TargetAttributes = {
					5341F5131941922A00FAF735 = {
						CreatedOnToolsVersion = 6.0;
						DevelopmentTeam = SJ27UWAKSQ;
						SystemCapabilities = {
							com.apple.BackgroundModes = {
								enabled = 1;
							};
						};
					};
					5341F5201941922A00FAF735 = {
						CreatedOnToolsVersion = 6.0;
						TestTargetID = 5341F5131941922A00FAF735;
					};
				};
			};
			buildConfigurationList = 5341F50F1941922A00FAF735 /* Build configuration list for PBXProject "Resty" */;
			compatibilityVersion = "Xcode 3.2";
			developmentRegion = English;
			hasScannedForEncodings = 0;
			knownRegions = (
				en,
			);
			mainGroup = 5341F50B1941922A00FAF735;
			productRefGroup = 5341F5151941922A00FAF735 /* Products */;
			projectDirPath = "";
			projectRoot = "";
			targets = (
				5341F5131941922A00FAF735 /* Resty */,
				5341F5201941922A00FAF735 /* RestyTests */,
			);
		};
/* End PBXProject section */

/* Begin PBXResourcesBuildPhase section */
		5341F5121941922A00FAF735 /* Resources */ = {
			isa = PBXResourcesBuildPhase;
			buildActionMask = 2147483647;
			files = (
				5341F51C1941922A00FAF735 /* Images.xcassets in Resources */,
				5341F5321941923C00FAF735 /* Main.storyboard in Resources */,
			);
			runOnlyForDeploymentPostprocessing = 0;
		};
		5341F51F1941922A00FAF735 /* Resources */ = {
			isa = PBXResourcesBuildPhase;
			buildActionMask = 2147483647;
			files = (
			);
			runOnlyForDeploymentPostprocessing = 0;
		};
/* End PBXResourcesBuildPhase section */

/* Begin PBXSourcesBuildPhase section */
		5341F5101941922A00FAF735 /* Sources */ = {
			isa = PBXSourcesBuildPhase;
			buildActionMask = 2147483647;
			files = (
				5341F51A1941922A00FAF735 /* AppDelegate.swift in Sources */,
				531C6025194C9C7B0012C924 /* HomeViewController.swift in Sources */,
				536AE906196286AD00D76B3C /* dateutil.m in Sources */,
			);
			runOnlyForDeploymentPostprocessing = 0;
		};
		5341F51D1941922A00FAF735 /* Sources */ = {
			isa = PBXSourcesBuildPhase;
			buildActionMask = 2147483647;
			files = (
				5341F5281941922A00FAF735 /* RestyTests.swift in Sources */,
			);
			runOnlyForDeploymentPostprocessing = 0;
		};
/* End PBXSourcesBuildPhase section */

/* Begin PBXTargetDependency section */
		5341F5231941922A00FAF735 /* PBXTargetDependency */ = {
			isa = PBXTargetDependency;
			target = 5341F5131941922A00FAF735 /* Resty */;
			targetProxy = 5341F5221941922A00FAF735 /* PBXContainerItemProxy */;
		};
/* End PBXTargetDependency section */

/* Begin XCBuildConfiguration section */
		5341F5291941922A00FAF735 /* Debug */ = {
			isa = XCBuildConfiguration;
			buildSettings = {
				ALWAYS_SEARCH_USER_PATHS = NO;
				CLANG_CXX_LANGUAGE_STANDARD = "gnu++0x";
				CLANG_CXX_LIBRARY = "libc++";
				CLANG_ENABLE_MODULES = YES;
				CLANG_ENABLE_OBJC_ARC = YES;
				CLANG_WARN_BOOL_CONVERSION = YES;
				CLANG_WARN_CONSTANT_CONVERSION = YES;
				CLANG_WARN_DIRECT_OBJC_ISA_USAGE = YES_ERROR;
				CLANG_WARN_EMPTY_BODY = YES;
				CLANG_WARN_ENUM_CONVERSION = YES;
				CLANG_WARN_INT_CONVERSION = YES;
				CLANG_WARN_OBJC_ROOT_CLASS = YES_ERROR;
				CLANG_WARN_UNREACHABLE_CODE = YES;
				CLANG_WARN__DUPLICATE_METHOD_MATCH = YES;
				"CODE_SIGN_IDENTITY[sdk=iphoneos*]" = "iPhone Developer";
				COPY_PHASE_STRIP = NO;
				ENABLE_STRICT_OBJC_MSGSEND = YES;
				GCC_C_LANGUAGE_STANDARD = gnu99;
				GCC_DYNAMIC_NO_PIC = NO;
				GCC_OPTIMIZATION_LEVEL = 0;
				GCC_PREPROCESSOR_DEFINITIONS = (
					"DEBUG=1",
					"$(inherited)",
				);
				GCC_SYMBOLS_PRIVATE_EXTERN = NO;
				GCC_WARN_64_TO_32_BIT_CONVERSION = YES;
				GCC_WARN_ABOUT_RETURN_TYPE = YES_ERROR;
				GCC_WARN_UNDECLARED_SELECTOR = YES;
				GCC_WARN_UNINITIALIZED_AUTOS = YES_AGGRESSIVE;
				GCC_WARN_UNUSED_FUNCTION = YES;
				GCC_WARN_UNUSED_VARIABLE = YES;
				IPHONEOS_DEPLOYMENT_TARGET = 8.0;
				METAL_ENABLE_DEBUG_INFO = YES;
				ONLY_ACTIVE_ARCH = YES;
				SDKROOT = iphoneos;
				SWIFT_OPTIMIZATION_LEVEL = "-Onone";
			};
			name = Debug;
		};
		5341F52A1941922A00FAF735 /* Release */ = {
			isa = XCBuildConfiguration;
			buildSettings = {
				ALWAYS_SEARCH_USER_PATHS = NO;
				CLANG_CXX_LANGUAGE_STANDARD = "gnu++0x";
				CLANG_CXX_LIBRARY = "libc++";
				CLANG_ENABLE_MODULES = YES;
				CLANG_ENABLE_OBJC_ARC = YES;
				CLANG_WARN_BOOL_CONVERSION = YES;
				CLANG_WARN_CONSTANT_CONVERSION = YES;
				CLANG_WARN_DIRECT_OBJC_ISA_USAGE = YES_ERROR;
				CLANG_WARN_EMPTY_BODY = YES;
				CLANG_WARN_ENUM_CONVERSION = YES;
				CLANG_WARN_INT_CONVERSION = YES;
				CLANG_WARN_OBJC_ROOT_CLASS = YES_ERROR;
				CLANG_WARN_UNREACHABLE_CODE = YES;
				CLANG_WARN__DUPLICATE_METHOD_MATCH = YES;
				"CODE_SIGN_IDENTITY[sdk=iphoneos*]" = "iPhone Developer";
				COPY_PHASE_STRIP = YES;
				ENABLE_NS_ASSERTIONS = NO;
				ENABLE_STRICT_OBJC_MSGSEND = YES;
				GCC_C_LANGUAGE_STANDARD = gnu99;
				GCC_WARN_64_TO_32_BIT_CONVERSION = YES;
				GCC_WARN_ABOUT_RETURN_TYPE = YES_ERROR;
				GCC_WARN_UNDECLARED_SELECTOR = YES;
				GCC_WARN_UNINITIALIZED_AUTOS = YES_AGGRESSIVE;
				GCC_WARN_UNUSED_FUNCTION = YES;
				GCC_WARN_UNUSED_VARIABLE = YES;
				IPHONEOS_DEPLOYMENT_TARGET = 8.0;
				METAL_ENABLE_DEBUG_INFO = NO;
				SDKROOT = iphoneos;
				VALIDATE_PRODUCT = YES;
			};
			name = Release;
		};
		5341F52C1941922A00FAF735 /* Debug */ = {
			isa = XCBuildConfiguration;
			buildSettings = {
				ASSETCATALOG_COMPILER_APPICON_NAME = AppIcon;
				ASSETCATALOG_COMPILER_LAUNCHIMAGE_NAME = LaunchImage;
				CLANG_ENABLE_MODULES = YES;
				CODE_SIGN_IDENTITY = "iPhone Developer";
				"CODE_SIGN_IDENTITY[sdk=iphoneos*]" = "iPhone Developer";
				INFOPLIST_FILE = Resty/Info.plist;
				LD_RUNPATH_SEARCH_PATHS = "$(inherited) @executable_path/Frameworks";
				PRODUCT_NAME = Resty;
				PROVISIONING_PROFILE = "";
				SWIFT_OBJC_BRIDGING_HEADER = "Resty-Bridging-Header.h";
				SWIFT_OPTIMIZATION_LEVEL = "-Onone";
				TARGETED_DEVICE_FAMILY = 1;
			};
			name = Debug;
		};
		5341F52D1941922A00FAF735 /* Release */ = {
			isa = XCBuildConfiguration;
			buildSettings = {
				ASSETCATALOG_COMPILER_APPICON_NAME = AppIcon;
				ASSETCATALOG_COMPILER_LAUNCHIMAGE_NAME = LaunchImage;
				CLANG_ENABLE_MODULES = YES;
				CODE_SIGN_IDENTITY = "iPhone Developer";
				"CODE_SIGN_IDENTITY[sdk=iphoneos*]" = "iPhone Developer";
				INFOPLIST_FILE = Resty/Info.plist;
				LD_RUNPATH_SEARCH_PATHS = "$(inherited) @executable_path/Frameworks";
				PRODUCT_NAME = Resty;
				PROVISIONING_PROFILE = "";
				SWIFT_OBJC_BRIDGING_HEADER = "Resty-Bridging-Header.h";
				TARGETED_DEVICE_FAMILY = 1;
			};
			name = Release;
		};
		5341F52F1941922A00FAF735 /* Debug */ = {
			isa = XCBuildConfiguration;
			buildSettings = {
				BUNDLE_LOADER = "$(BUILT_PRODUCTS_DIR)/Resty.app/Resty";
				FRAMEWORK_SEARCH_PATHS = (
					"$(SDKROOT)/Developer/Library/Frameworks",
					"$(inherited)",
				);
				GCC_PREPROCESSOR_DEFINITIONS = (
					"DEBUG=1",
					"$(inherited)",
				);
				INFOPLIST_FILE = RestyTests/Info.plist;
				LD_RUNPATH_SEARCH_PATHS = "$(inherited) @executable_path/Frameworks @loader_path/Frameworks";
				METAL_ENABLE_DEBUG_INFO = YES;
				PRODUCT_NAME = RestyTests;
				TEST_HOST = "$(BUNDLE_LOADER)";
			};
			name = Debug;
		};
		5341F5301941922A00FAF735 /* Release */ = {
			isa = XCBuildConfiguration;
			buildSettings = {
				BUNDLE_LOADER = "$(BUILT_PRODUCTS_DIR)/Resty.app/Resty";
				FRAMEWORK_SEARCH_PATHS = (
					"$(SDKROOT)/Developer/Library/Frameworks",
					"$(inherited)",
				);
				INFOPLIST_FILE = RestyTests/Info.plist;
				LD_RUNPATH_SEARCH_PATHS = "$(inherited) @executable_path/Frameworks @loader_path/Frameworks";
				METAL_ENABLE_DEBUG_INFO = NO;
				PRODUCT_NAME = RestyTests;
				TEST_HOST = "$(BUNDLE_LOADER)";
			};
			name = Release;
		};
/* End XCBuildConfiguration section */

/* Begin XCConfigurationList section */
		5341F50F1941922A00FAF735 /* Build configuration list for PBXProject "Resty" */ = {
			isa = XCConfigurationList;
			buildConfigurations = (
				5341F5291941922A00FAF735 /* Debug */,
				5341F52A1941922A00FAF735 /* Release */,
			);
			defaultConfigurationIsVisible = 0;
			defaultConfigurationName = Release;
		};
		5341F52B1941922A00FAF735 /* Build configuration list for PBXNativeTarget "Resty" */ = {
			isa = XCConfigurationList;
			buildConfigurations = (
				5341F52C1941922A00FAF735 /* Debug */,
				5341F52D1941922A00FAF735 /* Release */,
			);
			defaultConfigurationIsVisible = 0;
			defaultConfigurationName = Release;
		};
		5341F52E1941922A00FAF735 /* Build configuration list for PBXNativeTarget "RestyTests" */ = {
			isa = XCConfigurationList;
			buildConfigurations = (
				5341F52F1941922A00FAF735 /* Debug */,
				5341F5301941922A00FAF735 /* Release */,
			);
			defaultConfigurationIsVisible = 0;
			defaultConfigurationName = Release;
		};
/* End XCConfigurationList section */
	};
	rootObject = 5341F50C1941922A00FAF735 /* Project object */;
}
